{
  "version": 4,
  "terraform_version": "1.2.3",
  "serial": 16,
  "lineage": "0b4f1351-64f3-3f91-e4a0-42f626bf3d47",
  "outputs": {
    "external_ip_address_node01_yandex_cloud": {
      "value": "51.250.86.36",
      "type": "string"
    },
    "internal_ip_address_node01_yandex_cloud": {
      "value": "192.168.101.25",
      "type": "string"
    }
  },
  "resources": [
    {
      "mode": "managed",
      "type": "yandex_compute_instance",
      "name": "node01",
      "provider": "provider[\"registry.terraform.io/yandex-cloud/yandex\"]",
      "instances": [
        {
          "schema_version": 1,
          "attributes": {
            "allow_recreate": null,
            "allow_stopping_for_update": true,
            "boot_disk": [
              {
                "auto_delete": true,
                "device_name": "fhmfc3k46kt3turtjqbk",
                "disk_id": "fhmfc3k46kt3turtjqbk",
                "initialize_params": [
                  {
                    "block_size": 4096,
                    "description": "",
                    "image_id": "fd80g3d9gmlfodl46ujv",
                    "name": "root-node01",
                    "size": 50,
                    "snapshot_id": "",
                    "type": "network-ssd"
                  }
                ],
                "mode": "READ_WRITE"
              }
            ],
            "created_at": "2022-06-30T17:14:21Z",
            "description": "",
            "folder_id": "b1g79ptugpleeoj44c6k",
            "fqdn": "node01.netology.cloud",
            "hostname": "node01",
            "id": "fhmese8m5g9kjtabrd17",
            "labels": null,
            "metadata": {
              "ssh-keys": "centos:ssh-rsa AAAAB3NzaC1yc2EAAAABJQAAAQEAu0RkYbb51hNCLdJD484Q4rdx5o7nS7l4u0fTis0ft19ilIjX6+HwanARJjVi7QHwvvLtdCpRrvG3PRobDeGN01Z2XbAbT16ml1BTcKnq6YnLpHtl1LbsAD4vu3UrqJZAK02FEEjo3T+pm2UMr93/TKnG3YMGu6RhRdupcWjD8Gtk+zoyfGTzlgOteDPzjG+d6Wv69BnJkeHbZaWwFGqIwDLi7e3LTlgMnVAmbzb9qJDDitIOX61sdfvgZNq93D6F+IkDdCBcYH4eV8qypoED5EQHWjsf774YCtXIly8vwSKoUs0oOxUTL/uPFDiXMr66h0xh7Iqi5CkhxjHxzK66NQ== laykomdn\n"
            },
            "name": "node01",
            "network_acceleration_type": "standard",
            "network_interface": [
              {
                "dns_record": [],
                "index": 0,
                "ip_address": "192.168.101.25",
                "ipv4": true,
                "ipv6": false,
                "ipv6_address": "",
                "ipv6_dns_record": [],
                "mac_address": "d0:0d:ee:39:16:2c",
                "nat": true,
                "nat_dns_record": [],
                "nat_ip_address": "51.250.86.36",
                "nat_ip_version": "IPV4",
                "security_group_ids": [],
                "subnet_id": "e9bovt148sovuhu1r8ac"
              }
            ],
            "placement_policy": [
              {
                "host_affinity_rules": [],
                "placement_group_id": ""
              }
            ],
            "platform_id": "standard-v1",
            "resources": [
              {
                "core_fraction": 100,
                "cores": 8,
                "gpus": 0,
                "memory": 8
              }
            ],
            "scheduling_policy": [
              {
                "preemptible": false
              }
            ],
            "secondary_disk": [],
            "service_account_id": "",
            "status": "running",
            "timeouts": null,
            "zone": "ru-central1-a"
          },
          "sensitive_attributes": [],
          "private": "eyJlMmJmYjczMC1lY2FhLTExZTYtOGY4OC0zNDM2M2JjN2M0YzAiOnsiY3JlYXRlIjozMDAwMDAwMDAwMDAsImRlbGV0ZSI6MzAwMDAwMDAwMDAwLCJ1cGRhdGUiOjMwMDAwMDAwMDAwMH0sInNjaGVtYV92ZXJzaW9uIjoiMSJ9",
          "dependencies": [
            "yandex_vpc_subnet.default"
          ]
        }
      ]
    },
    {
      "mode": "managed",
      "type": "yandex_vpc_network",
      "name": "default",
      "provider": "provider[\"registry.terraform.io/yandex-cloud/yandex\"]",
      "instances": [
        {
          "schema_version": 0,
          "attributes": {
            "created_at": "2022-06-29T01:55:11Z",
            "default_security_group_id": "",
            "description": "",
            "folder_id": "b1g79ptugpleeoj44c6k",
            "id": "enpcoa9vuh4g1b9tnfgf",
            "labels": {},
            "name": "net",
            "subnet_ids": [
              "e9bovt148sovuhu1r8ac"
            ],
            "timeouts": null
          },
          "sensitive_attributes": [],
          "private": "eyJlMmJmYjczMC1lY2FhLTExZTYtOGY4OC0zNDM2M2JjN2M0YzAiOnsiY3JlYXRlIjo2MDAwMDAwMDAwMCwiZGVsZXRlIjo2MDAwMDAwMDAwMCwidXBkYXRlIjo2MDAwMDAwMDAwMH19"
        }
      ]
    },
    {
      "mode": "managed",
      "type": "yandex_vpc_subnet",
      "name": "default",
      "provider": "provider[\"registry.terraform.io/yandex-cloud/yandex\"]",
      "instances": [
        {
          "schema_version": 0,
          "attributes": {
            "created_at": "2022-06-29T01:55:12Z",
            "description": "",
            "dhcp_options": [],
            "folder_id": "b1g79ptugpleeoj44c6k",
            "id": "e9bovt148sovuhu1r8ac",
            "labels": {},
            "name": "subnet",
            "network_id": "enpcoa9vuh4g1b9tnfgf",
            "route_table_id": "",
            "timeouts": null,
            "v4_cidr_blocks": [
              "192.168.101.0/24"
            ],
            "v6_cidr_blocks": [],
            "zone": "ru-central1-a"
          },
          "sensitive_attributes": [],
          "private": "eyJlMmJmYjczMC1lY2FhLTExZTYtOGY4OC0zNDM2M2JjN2M0YzAiOnsiY3JlYXRlIjoxODAwMDAwMDAwMDAsImRlbGV0ZSI6MTgwMDAwMDAwMDAwLCJ1cGRhdGUiOjE4MDAwMDAwMDAwMH19",
          "dependencies": [
            "yandex_vpc_network.default"
          ]
        }
      ]
    }
  ]
}
