{
  "version": 4,
  "terraform_version": "1.2.3",
  "serial": 13,
  "lineage": "0b4f1351-64f3-3f91-e4a0-42f626bf3d47",
  "outputs": {
    "external_ip_address_node01_yandex_cloud": {
      "value": "51.250.7.243",
      "type": "string"
    },
    "internal_ip_address_node01_yandex_cloud": {
      "value": "192.168.101.30",
      "type": "string"
    }
  },
  "resources": [
    {
      "mode": "managed",
      "type": "yandex_compute_instance",
      "name": "node01",
      "provider": "provider[\"registry.terraform.io/yandex-cloud/yandex\"]",
      "instances": [
        {
          "schema_version": 1,
          "attributes": {
            "allow_recreate": null,
            "allow_stopping_for_update": true,
            "boot_disk": [
              {
                "auto_delete": true,
                "device_name": "fhmsi98phq9s91id593m",
                "disk_id": "fhmsi98phq9s91id593m",
                "initialize_params": [
                  {
                    "block_size": 4096,
                    "description": "",
                    "image_id": "fd80g3d9gmlfodl46ujv",
                    "name": "root-node01",
                    "size": 50,
                    "snapshot_id": "",
                    "type": "network-ssd"
                  }
                ],
                "mode": "READ_WRITE"
              }
            ],
            "created_at": "2022-06-29T01:55:13Z",
            "description": "",
            "folder_id": "b1g79ptugpleeoj44c6k",
            "fqdn": "node01.netology.cloud",
            "hostname": "node01",
            "id": "fhm678do5ddn6pnsel2i",
            "labels": null,
            "metadata": {
              "ssh-keys": "centos:ssh-rsa AAAAB3NzaC1yc2EAAAADAQABAAABgQDDfL6gsHaFUFhT5yZPOYXcCrS8AlqhJVoriNgarn5D7ql6JnJ/3uQHo5aFmfXMPqZ8lC7mGS0QfdQBufIm2J0P7aNBrE/L1HYazUutwhw/ogDmIEiqcypPKsEQv0LET7YcBih3TqPzucoKcxoq84H7GdITtlQntLAMtmZm++WF7tSBWDZySju7ZMi3/RUAYgN+DWg6KcUgCzbTPsAnFHkTCCbzXS0Lf5Aasz/3+5aGX4TLr+dpymwrAaGTQQ22oJzKBRNdbqIeIU4koYCDLYEX1xXJ5enpHek+WAzn7+hoM9sxsnSSGXNuyLN9VtpwN9F4KkGAl3sQAoGTPCclgFWfAPUZ3QTTEGpTHpwb9vrTyZIeS6o5IRpw2tcXcmlMYrU0++9Hi5BnLhe5r+tfOsYjnSbRVvxzzMl5fLZsv1LZBiHXBocNiJXZnH33AHH6iPRPacgup7I6+OFmur34LS8AQCEEGeZHpEeYWP6YaTo+/wQIQgdJXQqG8C06WWjvKHE= laykomdn@rubius180\n"
            },
            "name": "node01",
            "network_acceleration_type": "standard",
            "network_interface": [
              {
                "dns_record": [],
                "index": 0,
                "ip_address": "192.168.101.30",
                "ipv4": true,
                "ipv6": false,
                "ipv6_address": "",
                "ipv6_dns_record": [],
                "mac_address": "d0:0d:63:a1:b8:2b",
                "nat": true,
                "nat_dns_record": [],
                "nat_ip_address": "51.250.7.243",
                "nat_ip_version": "IPV4",
                "security_group_ids": [],
                "subnet_id": "e9bovt148sovuhu1r8ac"
              }
            ],
            "placement_policy": [
              {
                "host_affinity_rules": [],
                "placement_group_id": ""
              }
            ],
            "platform_id": "standard-v1",
            "resources": [
              {
                "core_fraction": 100,
                "cores": 8,
                "gpus": 0,
                "memory": 8
              }
            ],
            "scheduling_policy": [
              {
                "preemptible": false
              }
            ],
            "secondary_disk": [],
            "service_account_id": "",
            "status": "running",
            "timeouts": null,
            "zone": "ru-central1-a"
          },
          "sensitive_attributes": [],
          "private": "eyJlMmJmYjczMC1lY2FhLTExZTYtOGY4OC0zNDM2M2JjN2M0YzAiOnsiY3JlYXRlIjozMDAwMDAwMDAwMDAsImRlbGV0ZSI6MzAwMDAwMDAwMDAwLCJ1cGRhdGUiOjMwMDAwMDAwMDAwMH0sInNjaGVtYV92ZXJzaW9uIjoiMSJ9",
          "dependencies": [
            "yandex_vpc_network.default",
            "yandex_vpc_subnet.default"
          ]
        }
      ]
    },
    {
      "mode": "managed",
      "type": "yandex_vpc_network",
      "name": "default",
      "provider": "provider[\"registry.terraform.io/yandex-cloud/yandex\"]",
      "instances": [
        {
          "schema_version": 0,
          "attributes": {
            "created_at": "2022-06-29T01:55:11Z",
            "default_security_group_id": "",
            "description": "",
            "folder_id": "b1g79ptugpleeoj44c6k",
            "id": "enpcoa9vuh4g1b9tnfgf",
            "labels": {},
            "name": "net",
            "subnet_ids": [],
            "timeouts": null
          },
          "sensitive_attributes": [],
          "private": "eyJlMmJmYjczMC1lY2FhLTExZTYtOGY4OC0zNDM2M2JjN2M0YzAiOnsiY3JlYXRlIjo2MDAwMDAwMDAwMCwiZGVsZXRlIjo2MDAwMDAwMDAwMCwidXBkYXRlIjo2MDAwMDAwMDAwMH19"
        }
      ]
    },
    {
      "mode": "managed",
      "type": "yandex_vpc_subnet",
      "name": "default",
      "provider": "provider[\"registry.terraform.io/yandex-cloud/yandex\"]",
      "instances": [
        {
          "schema_version": 0,
          "attributes": {
            "created_at": "2022-06-29T01:55:12Z",
            "description": "",
            "dhcp_options": [],
            "folder_id": "b1g79ptugpleeoj44c6k",
            "id": "e9bovt148sovuhu1r8ac",
            "labels": {},
            "name": "subnet",
            "network_id": "enpcoa9vuh4g1b9tnfgf",
            "route_table_id": "",
            "timeouts": null,
            "v4_cidr_blocks": [
              "192.168.101.0/24"
            ],
            "v6_cidr_blocks": [],
            "zone": "ru-central1-a"
          },
          "sensitive_attributes": [],
          "private": "eyJlMmJmYjczMC1lY2FhLTExZTYtOGY4OC0zNDM2M2JjN2M0YzAiOnsiY3JlYXRlIjoxODAwMDAwMDAwMDAsImRlbGV0ZSI6MTgwMDAwMDAwMDAwLCJ1cGRhdGUiOjE4MDAwMDAwMDAwMH19",
          "dependencies": [
            "yandex_vpc_network.default"
          ]
        }
      ]
    }
  ]
}
