{
  "version": 4,
  "terraform_version": "1.2.3",
  "serial": 62,
  "lineage": "71365225-5d25-ea4a-566d-5d8c59cc486e",
  "outputs": {
    "external_ip_address_node01": {
      "value": "51.250.95.21",
      "type": "string"
    },
    "external_ip_address_node02": {
      "value": "51.250.65.172",
      "type": "string"
    },
    "external_ip_address_node03": {
      "value": "51.250.92.56",
      "type": "string"
    },
    "external_ip_address_node04": {
      "value": "51.250.93.46",
      "type": "string"
    },
    "external_ip_address_node05": {
      "value": "51.250.95.135",
      "type": "string"
    },
    "external_ip_address_node06": {
      "value": "51.250.94.19",
      "type": "string"
    },
    "internal_ip_address_node01": {
      "value": "192.168.101.11",
      "type": "string"
    },
    "internal_ip_address_node02": {
      "value": "192.168.101.12",
      "type": "string"
    },
    "internal_ip_address_node03": {
      "value": "192.168.101.13",
      "type": "string"
    },
    "internal_ip_address_node04": {
      "value": "192.168.101.14",
      "type": "string"
    },
    "internal_ip_address_node05": {
      "value": "192.168.101.15",
      "type": "string"
    },
    "internal_ip_address_node06": {
      "value": "192.168.101.16",
      "type": "string"
    }
  },
  "resources": [
    {
      "mode": "managed",
      "type": "local_file",
      "name": "inventory",
      "provider": "provider[\"registry.terraform.io/hashicorp/local\"]",
      "instances": [
        {
          "schema_version": 0,
          "attributes": {
            "content": "# Ansible inventory containing variable values from Terraform.\n# Generated by Terraform.\n\n[nodes:children]\nmanagers\nworkers\n\n[managers:children]\nactive\nstandby\n\n[active]\nnode01.netology.yc ansible_host=51.250.95.21\n\n[standby]\nnode02.netology.yc ansible_host=51.250.65.172\nnode03.netology.yc ansible_host=51.250.92.56\n\n[workers]\nnode04.netology.yc ansible_host=51.250.93.46\nnode05.netology.yc ansible_host=51.250.95.135\nnode06.netology.yc ansible_host=51.250.94.19\n",
            "content_base64": null,
            "directory_permission": "0777",
            "file_permission": "0777",
            "filename": "../ansible/inventory",
            "id": "cffc9270d6bb4534ba00137121b43f507c2dc207",
            "sensitive_content": null,
            "source": null
          },
          "sensitive_attributes": [],
          "private": "bnVsbA==",
          "dependencies": [
            "yandex_compute_instance.node01",
            "yandex_compute_instance.node02",
            "yandex_compute_instance.node03",
            "yandex_compute_instance.node04",
            "yandex_compute_instance.node05",
            "yandex_compute_instance.node06",
            "yandex_vpc_network.default",
            "yandex_vpc_subnet.default"
          ]
        }
      ]
    },
    {
      "mode": "managed",
      "type": "null_resource",
      "name": "cluster",
      "provider": "provider[\"registry.terraform.io/hashicorp/null\"]",
      "instances": [
        {
          "schema_version": 0,
          "attributes": {
            "id": "7037299987206831268",
            "triggers": null
          },
          "sensitive_attributes": [],
          "private": "bnVsbA==",
          "dependencies": [
            "local_file.inventory",
            "null_resource.wait",
            "yandex_compute_instance.node01",
            "yandex_compute_instance.node02",
            "yandex_compute_instance.node03",
            "yandex_compute_instance.node04",
            "yandex_compute_instance.node05",
            "yandex_compute_instance.node06",
            "yandex_vpc_network.default",
            "yandex_vpc_subnet.default"
          ]
        }
      ]
    },
    {
      "mode": "managed",
      "type": "null_resource",
      "name": "monitoring",
      "provider": "provider[\"registry.terraform.io/hashicorp/null\"]",
      "instances": [
        {
          "schema_version": 0,
          "attributes": {
            "id": "8803350817322387476",
            "triggers": null
          },
          "sensitive_attributes": [],
          "private": "bnVsbA==",
          "dependencies": [
            "local_file.inventory",
            "null_resource.cluster",
            "null_resource.sync",
            "null_resource.wait",
            "yandex_compute_instance.node01",
            "yandex_compute_instance.node02",
            "yandex_compute_instance.node03",
            "yandex_compute_instance.node04",
            "yandex_compute_instance.node05",
            "yandex_compute_instance.node06",
            "yandex_vpc_network.default",
            "yandex_vpc_subnet.default"
          ]
        }
      ]
    },
    {
      "mode": "managed",
      "type": "null_resource",
      "name": "sync",
      "provider": "provider[\"registry.terraform.io/hashicorp/null\"]",
      "instances": [
        {
          "schema_version": 0,
          "attributes": {
            "id": "8624076746073773293",
            "triggers": null
          },
          "sensitive_attributes": [],
          "private": "bnVsbA==",
          "dependencies": [
            "local_file.inventory",
            "null_resource.cluster",
            "null_resource.wait",
            "yandex_compute_instance.node01",
            "yandex_compute_instance.node02",
            "yandex_compute_instance.node03",
            "yandex_compute_instance.node04",
            "yandex_compute_instance.node05",
            "yandex_compute_instance.node06",
            "yandex_vpc_network.default",
            "yandex_vpc_subnet.default"
          ]
        }
      ]
    },
    {
      "mode": "managed",
      "type": "null_resource",
      "name": "wait",
      "provider": "provider[\"registry.terraform.io/hashicorp/null\"]",
      "instances": [
        {
          "schema_version": 0,
          "attributes": {
            "id": "8236184073351439599",
            "triggers": null
          },
          "sensitive_attributes": [],
          "private": "bnVsbA==",
          "dependencies": [
            "local_file.inventory",
            "yandex_compute_instance.node01",
            "yandex_compute_instance.node02",
            "yandex_compute_instance.node03",
            "yandex_compute_instance.node04",
            "yandex_compute_instance.node05",
            "yandex_compute_instance.node06",
            "yandex_vpc_network.default",
            "yandex_vpc_subnet.default"
          ]
        }
      ]
    },
    {
      "mode": "managed",
      "type": "yandex_compute_instance",
      "name": "node01",
      "provider": "provider[\"registry.terraform.io/yandex-cloud/yandex\"]",
      "instances": [
        {
          "schema_version": 1,
          "attributes": {
            "allow_recreate": null,
            "allow_stopping_for_update": true,
            "boot_disk": [
              {
                "auto_delete": true,
                "device_name": "fhmm52lrrmuplv5c9v17",
                "disk_id": "fhmm52lrrmuplv5c9v17",
                "initialize_params": [
                  {
                    "block_size": 4096,
                    "description": "",
                    "image_id": "fd80g3d9gmlfodl46ujv",
                    "name": "root-node01",
                    "size": 10,
                    "snapshot_id": "",
                    "type": "network-ssd"
                  }
                ],
                "mode": "READ_WRITE"
              }
            ],
            "created_at": "2022-07-05T15:44:37Z",
            "description": "",
            "folder_id": "b1g79ptugpleeoj44c6k",
            "fqdn": "node01.netology.yc",
            "hostname": "node01",
            "id": "fhm5lq8jahfnv8p4f9bt",
            "labels": null,
            "local_disk": [],
            "metadata": {
              "ssh-keys": "centos:ssh-rsa AAAAB3NzaC1yc2EAAAABJQAAAQEAu0RkYbb51hNCLdJD484Q4rdx5o7nS7l4u0fTis0ft19ilIjX6+HwanARJjVi7QHwvvLtdCpRrvG3PRobDeGN01Z2XbAbT16ml1BTcKnq6YnLpHtl1LbsAD4vu3UrqJZAK02FEEjo3T+pm2UMr93/TKnG3YMGu6RhRdupcWjD8Gtk+zoyfGTzlgOteDPzjG+d6Wv69BnJkeHbZaWwFGqIwDLi7e3LTlgMnVAmbzb9qJDDitIOX61sdfvgZNq93D6F+IkDdCBcYH4eV8qypoED5EQHWjsf774YCtXIly8vwSKoUs0oOxUTL/uPFDiXMr66h0xh7Iqi5CkhxjHxzK66NQ== laykomdn\n"
            },
            "name": "node01",
            "network_acceleration_type": "standard",
            "network_interface": [
              {
                "dns_record": [],
                "index": 0,
                "ip_address": "192.168.101.11",
                "ipv4": true,
                "ipv6": false,
                "ipv6_address": "",
                "ipv6_dns_record": [],
                "mac_address": "d0:0d:5a:e9:13:54",
                "nat": true,
                "nat_dns_record": [],
                "nat_ip_address": "51.250.95.21",
                "nat_ip_version": "IPV4",
                "security_group_ids": [],
                "subnet_id": "e9b27miu7qqie2fuoau3"
              }
            ],
            "placement_policy": [
              {
                "host_affinity_rules": [],
                "placement_group_id": ""
              }
            ],
            "platform_id": "standard-v1",
            "resources": [
              {
                "core_fraction": 100,
                "cores": 4,
                "gpus": 0,
                "memory": 8
              }
            ],
            "scheduling_policy": [
              {
                "preemptible": false
              }
            ],
            "secondary_disk": [],
            "service_account_id": "",
            "status": "running",
            "timeouts": null,
            "zone": "ru-central1-a"
          },
          "sensitive_attributes": [],
          "private": "eyJlMmJmYjczMC1lY2FhLTExZTYtOGY4OC0zNDM2M2JjN2M0YzAiOnsiY3JlYXRlIjozMDAwMDAwMDAwMDAsImRlbGV0ZSI6MzAwMDAwMDAwMDAwLCJ1cGRhdGUiOjMwMDAwMDAwMDAwMH0sInNjaGVtYV92ZXJzaW9uIjoiMSJ9",
          "dependencies": [
            "yandex_vpc_network.default",
            "yandex_vpc_subnet.default"
          ]
        }
      ]
    },
    {
      "mode": "managed",
      "type": "yandex_compute_instance",
      "name": "node02",
      "provider": "provider[\"registry.terraform.io/yandex-cloud/yandex\"]",
      "instances": [
        {
          "schema_version": 1,
          "attributes": {
            "allow_recreate": null,
            "allow_stopping_for_update": true,
            "boot_disk": [
              {
                "auto_delete": true,
                "device_name": "fhmd1hps9d3tmve78mdm",
                "disk_id": "fhmd1hps9d3tmve78mdm",
                "initialize_params": [
                  {
                    "block_size": 4096,
                    "description": "",
                    "image_id": "fd80g3d9gmlfodl46ujv",
                    "name": "root-node02",
                    "size": 10,
                    "snapshot_id": "",
                    "type": "network-ssd"
                  }
                ],
                "mode": "READ_WRITE"
              }
            ],
            "created_at": "2022-07-05T15:44:37Z",
            "description": "",
            "folder_id": "b1g79ptugpleeoj44c6k",
            "fqdn": "node02.netology.yc",
            "hostname": "node02",
            "id": "fhmlpuq85u1hi9f3037l",
            "labels": null,
            "local_disk": [],
            "metadata": {
              "ssh-keys": "centos:ssh-rsa AAAAB3NzaC1yc2EAAAABJQAAAQEAu0RkYbb51hNCLdJD484Q4rdx5o7nS7l4u0fTis0ft19ilIjX6+HwanARJjVi7QHwvvLtdCpRrvG3PRobDeGN01Z2XbAbT16ml1BTcKnq6YnLpHtl1LbsAD4vu3UrqJZAK02FEEjo3T+pm2UMr93/TKnG3YMGu6RhRdupcWjD8Gtk+zoyfGTzlgOteDPzjG+d6Wv69BnJkeHbZaWwFGqIwDLi7e3LTlgMnVAmbzb9qJDDitIOX61sdfvgZNq93D6F+IkDdCBcYH4eV8qypoED5EQHWjsf774YCtXIly8vwSKoUs0oOxUTL/uPFDiXMr66h0xh7Iqi5CkhxjHxzK66NQ== laykomdn\n"
            },
            "name": "node02",
            "network_acceleration_type": "standard",
            "network_interface": [
              {
                "dns_record": [],
                "index": 0,
                "ip_address": "192.168.101.12",
                "ipv4": true,
                "ipv6": false,
                "ipv6_address": "",
                "ipv6_dns_record": [],
                "mac_address": "d0:0d:15:cf:b4:82",
                "nat": true,
                "nat_dns_record": [],
                "nat_ip_address": "51.250.65.172",
                "nat_ip_version": "IPV4",
                "security_group_ids": [],
                "subnet_id": "e9b27miu7qqie2fuoau3"
              }
            ],
            "placement_policy": [
              {
                "host_affinity_rules": [],
                "placement_group_id": ""
              }
            ],
            "platform_id": "standard-v1",
            "resources": [
              {
                "core_fraction": 100,
                "cores": 4,
                "gpus": 0,
                "memory": 8
              }
            ],
            "scheduling_policy": [
              {
                "preemptible": false
              }
            ],
            "secondary_disk": [],
            "service_account_id": "",
            "status": "running",
            "timeouts": null,
            "zone": "ru-central1-a"
          },
          "sensitive_attributes": [],
          "private": "eyJlMmJmYjczMC1lY2FhLTExZTYtOGY4OC0zNDM2M2JjN2M0YzAiOnsiY3JlYXRlIjozMDAwMDAwMDAwMDAsImRlbGV0ZSI6MzAwMDAwMDAwMDAwLCJ1cGRhdGUiOjMwMDAwMDAwMDAwMH0sInNjaGVtYV92ZXJzaW9uIjoiMSJ9",
          "dependencies": [
            "yandex_vpc_network.default",
            "yandex_vpc_subnet.default"
          ]
        }
      ]
    },
    {
      "mode": "managed",
      "type": "yandex_compute_instance",
      "name": "node03",
      "provider": "provider[\"registry.terraform.io/yandex-cloud/yandex\"]",
      "instances": [
        {
          "schema_version": 1,
          "attributes": {
            "allow_recreate": null,
            "allow_stopping_for_update": true,
            "boot_disk": [
              {
                "auto_delete": true,
                "device_name": "fhmlqm57qfblookdob4o",
                "disk_id": "fhmlqm57qfblookdob4o",
                "initialize_params": [
                  {
                    "block_size": 4096,
                    "description": "",
                    "image_id": "fd80g3d9gmlfodl46ujv",
                    "name": "root-node03",
                    "size": 10,
                    "snapshot_id": "",
                    "type": "network-ssd"
                  }
                ],
                "mode": "READ_WRITE"
              }
            ],
            "created_at": "2022-07-05T15:44:37Z",
            "description": "",
            "folder_id": "b1g79ptugpleeoj44c6k",
            "fqdn": "node03.netology.yc",
            "hostname": "node03",
            "id": "fhmblk6sk3hjf0bvfl92",
            "labels": null,
            "local_disk": [],
            "metadata": {
              "ssh-keys": "centos:ssh-rsa AAAAB3NzaC1yc2EAAAABJQAAAQEAu0RkYbb51hNCLdJD484Q4rdx5o7nS7l4u0fTis0ft19ilIjX6+HwanARJjVi7QHwvvLtdCpRrvG3PRobDeGN01Z2XbAbT16ml1BTcKnq6YnLpHtl1LbsAD4vu3UrqJZAK02FEEjo3T+pm2UMr93/TKnG3YMGu6RhRdupcWjD8Gtk+zoyfGTzlgOteDPzjG+d6Wv69BnJkeHbZaWwFGqIwDLi7e3LTlgMnVAmbzb9qJDDitIOX61sdfvgZNq93D6F+IkDdCBcYH4eV8qypoED5EQHWjsf774YCtXIly8vwSKoUs0oOxUTL/uPFDiXMr66h0xh7Iqi5CkhxjHxzK66NQ== laykomdn\n"
            },
            "name": "node03",
            "network_acceleration_type": "standard",
            "network_interface": [
              {
                "dns_record": [],
                "index": 0,
                "ip_address": "192.168.101.13",
                "ipv4": true,
                "ipv6": false,
                "ipv6_address": "",
                "ipv6_dns_record": [],
                "mac_address": "d0:0d:ba:d0:dc:a0",
                "nat": true,
                "nat_dns_record": [],
                "nat_ip_address": "51.250.92.56",
                "nat_ip_version": "IPV4",
                "security_group_ids": [],
                "subnet_id": "e9b27miu7qqie2fuoau3"
              }
            ],
            "placement_policy": [
              {
                "host_affinity_rules": [],
                "placement_group_id": ""
              }
            ],
            "platform_id": "standard-v1",
            "resources": [
              {
                "core_fraction": 100,
                "cores": 4,
                "gpus": 0,
                "memory": 8
              }
            ],
            "scheduling_policy": [
              {
                "preemptible": false
              }
            ],
            "secondary_disk": [],
            "service_account_id": "",
            "status": "running",
            "timeouts": null,
            "zone": "ru-central1-a"
          },
          "sensitive_attributes": [],
          "private": "eyJlMmJmYjczMC1lY2FhLTExZTYtOGY4OC0zNDM2M2JjN2M0YzAiOnsiY3JlYXRlIjozMDAwMDAwMDAwMDAsImRlbGV0ZSI6MzAwMDAwMDAwMDAwLCJ1cGRhdGUiOjMwMDAwMDAwMDAwMH0sInNjaGVtYV92ZXJzaW9uIjoiMSJ9",
          "dependencies": [
            "yandex_vpc_network.default",
            "yandex_vpc_subnet.default"
          ]
        }
      ]
    },
    {
      "mode": "managed",
      "type": "yandex_compute_instance",
      "name": "node04",
      "provider": "provider[\"registry.terraform.io/yandex-cloud/yandex\"]",
      "instances": [
        {
          "schema_version": 1,
          "attributes": {
            "allow_recreate": null,
            "allow_stopping_for_update": true,
            "boot_disk": [
              {
                "auto_delete": true,
                "device_name": "fhmq9mfim6i6ejkte97f",
                "disk_id": "fhmq9mfim6i6ejkte97f",
                "initialize_params": [
                  {
                    "block_size": 4096,
                    "description": "",
                    "image_id": "fd80g3d9gmlfodl46ujv",
                    "name": "root-node04",
                    "size": 40,
                    "snapshot_id": "",
                    "type": "network-ssd"
                  }
                ],
                "mode": "READ_WRITE"
              }
            ],
            "created_at": "2022-07-05T15:44:37Z",
            "description": "",
            "folder_id": "b1g79ptugpleeoj44c6k",
            "fqdn": "node04.netology.yc",
            "hostname": "node04",
            "id": "fhmq00f2f8fkpcpkv79d",
            "labels": null,
            "local_disk": [],
            "metadata": {
              "ssh-keys": "centos:ssh-rsa AAAAB3NzaC1yc2EAAAABJQAAAQEAu0RkYbb51hNCLdJD484Q4rdx5o7nS7l4u0fTis0ft19ilIjX6+HwanARJjVi7QHwvvLtdCpRrvG3PRobDeGN01Z2XbAbT16ml1BTcKnq6YnLpHtl1LbsAD4vu3UrqJZAK02FEEjo3T+pm2UMr93/TKnG3YMGu6RhRdupcWjD8Gtk+zoyfGTzlgOteDPzjG+d6Wv69BnJkeHbZaWwFGqIwDLi7e3LTlgMnVAmbzb9qJDDitIOX61sdfvgZNq93D6F+IkDdCBcYH4eV8qypoED5EQHWjsf774YCtXIly8vwSKoUs0oOxUTL/uPFDiXMr66h0xh7Iqi5CkhxjHxzK66NQ== laykomdn\n"
            },
            "name": "node04",
            "network_acceleration_type": "standard",
            "network_interface": [
              {
                "dns_record": [],
                "index": 0,
                "ip_address": "192.168.101.14",
                "ipv4": true,
                "ipv6": false,
                "ipv6_address": "",
                "ipv6_dns_record": [],
                "mac_address": "d0:0d:1a:00:1e:27",
                "nat": true,
                "nat_dns_record": [],
                "nat_ip_address": "51.250.93.46",
                "nat_ip_version": "IPV4",
                "security_group_ids": [],
                "subnet_id": "e9b27miu7qqie2fuoau3"
              }
            ],
            "placement_policy": [
              {
                "host_affinity_rules": [],
                "placement_group_id": ""
              }
            ],
            "platform_id": "standard-v1",
            "resources": [
              {
                "core_fraction": 100,
                "cores": 4,
                "gpus": 0,
                "memory": 8
              }
            ],
            "scheduling_policy": [
              {
                "preemptible": false
              }
            ],
            "secondary_disk": [],
            "service_account_id": "",
            "status": "running",
            "timeouts": null,
            "zone": "ru-central1-a"
          },
          "sensitive_attributes": [],
          "private": "eyJlMmJmYjczMC1lY2FhLTExZTYtOGY4OC0zNDM2M2JjN2M0YzAiOnsiY3JlYXRlIjozMDAwMDAwMDAwMDAsImRlbGV0ZSI6MzAwMDAwMDAwMDAwLCJ1cGRhdGUiOjMwMDAwMDAwMDAwMH0sInNjaGVtYV92ZXJzaW9uIjoiMSJ9",
          "dependencies": [
            "yandex_vpc_network.default",
            "yandex_vpc_subnet.default"
          ]
        }
      ]
    },
    {
      "mode": "managed",
      "type": "yandex_compute_instance",
      "name": "node05",
      "provider": "provider[\"registry.terraform.io/yandex-cloud/yandex\"]",
      "instances": [
        {
          "schema_version": 1,
          "attributes": {
            "allow_recreate": null,
            "allow_stopping_for_update": true,
            "boot_disk": [
              {
                "auto_delete": true,
                "device_name": "fhmbto5harbbdcd0fl1v",
                "disk_id": "fhmbto5harbbdcd0fl1v",
                "initialize_params": [
                  {
                    "block_size": 4096,
                    "description": "",
                    "image_id": "fd80g3d9gmlfodl46ujv",
                    "name": "root-node05",
                    "size": 40,
                    "snapshot_id": "",
                    "type": "network-ssd"
                  }
                ],
                "mode": "READ_WRITE"
              }
            ],
            "created_at": "2022-07-05T15:44:37Z",
            "description": "",
            "folder_id": "b1g79ptugpleeoj44c6k",
            "fqdn": "node05.netology.yc",
            "hostname": "node05",
            "id": "fhm05aedte13rtg3le63",
            "labels": null,
            "local_disk": [],
            "metadata": {
              "ssh-keys": "centos:ssh-rsa AAAAB3NzaC1yc2EAAAABJQAAAQEAu0RkYbb51hNCLdJD484Q4rdx5o7nS7l4u0fTis0ft19ilIjX6+HwanARJjVi7QHwvvLtdCpRrvG3PRobDeGN01Z2XbAbT16ml1BTcKnq6YnLpHtl1LbsAD4vu3UrqJZAK02FEEjo3T+pm2UMr93/TKnG3YMGu6RhRdupcWjD8Gtk+zoyfGTzlgOteDPzjG+d6Wv69BnJkeHbZaWwFGqIwDLi7e3LTlgMnVAmbzb9qJDDitIOX61sdfvgZNq93D6F+IkDdCBcYH4eV8qypoED5EQHWjsf774YCtXIly8vwSKoUs0oOxUTL/uPFDiXMr66h0xh7Iqi5CkhxjHxzK66NQ== laykomdn\n"
            },
            "name": "node05",
            "network_acceleration_type": "standard",
            "network_interface": [
              {
                "dns_record": [],
                "index": 0,
                "ip_address": "192.168.101.15",
                "ipv4": true,
                "ipv6": false,
                "ipv6_address": "",
                "ipv6_dns_record": [],
                "mac_address": "d0:0d:2a:9c:de:b8",
                "nat": true,
                "nat_dns_record": [],
                "nat_ip_address": "51.250.95.135",
                "nat_ip_version": "IPV4",
                "security_group_ids": [],
                "subnet_id": "e9b27miu7qqie2fuoau3"
              }
            ],
            "placement_policy": [
              {
                "host_affinity_rules": [],
                "placement_group_id": ""
              }
            ],
            "platform_id": "standard-v1",
            "resources": [
              {
                "core_fraction": 100,
                "cores": 4,
                "gpus": 0,
                "memory": 8
              }
            ],
            "scheduling_policy": [
              {
                "preemptible": false
              }
            ],
            "secondary_disk": [],
            "service_account_id": "",
            "status": "running",
            "timeouts": null,
            "zone": "ru-central1-a"
          },
          "sensitive_attributes": [],
          "private": "eyJlMmJmYjczMC1lY2FhLTExZTYtOGY4OC0zNDM2M2JjN2M0YzAiOnsiY3JlYXRlIjozMDAwMDAwMDAwMDAsImRlbGV0ZSI6MzAwMDAwMDAwMDAwLCJ1cGRhdGUiOjMwMDAwMDAwMDAwMH0sInNjaGVtYV92ZXJzaW9uIjoiMSJ9",
          "dependencies": [
            "yandex_vpc_network.default",
            "yandex_vpc_subnet.default"
          ]
        }
      ]
    },
    {
      "mode": "managed",
      "type": "yandex_compute_instance",
      "name": "node06",
      "provider": "provider[\"registry.terraform.io/yandex-cloud/yandex\"]",
      "instances": [
        {
          "schema_version": 1,
          "attributes": {
            "allow_recreate": null,
            "allow_stopping_for_update": true,
            "boot_disk": [
              {
                "auto_delete": true,
                "device_name": "fhmt2vrisme9m8qgabvd",
                "disk_id": "fhmt2vrisme9m8qgabvd",
                "initialize_params": [
                  {
                    "block_size": 4096,
                    "description": "",
                    "image_id": "fd80g3d9gmlfodl46ujv",
                    "name": "root-node06",
                    "size": 40,
                    "snapshot_id": "",
                    "type": "network-ssd"
                  }
                ],
                "mode": "READ_WRITE"
              }
            ],
            "created_at": "2022-07-05T15:44:37Z",
            "description": "",
            "folder_id": "b1g79ptugpleeoj44c6k",
            "fqdn": "node06.netology.yc",
            "hostname": "node06",
            "id": "fhmnmtsqrivnsjvqjj7e",
            "labels": null,
            "local_disk": [],
            "metadata": {
              "ssh-keys": "centos:ssh-rsa AAAAB3NzaC1yc2EAAAABJQAAAQEAu0RkYbb51hNCLdJD484Q4rdx5o7nS7l4u0fTis0ft19ilIjX6+HwanARJjVi7QHwvvLtdCpRrvG3PRobDeGN01Z2XbAbT16ml1BTcKnq6YnLpHtl1LbsAD4vu3UrqJZAK02FEEjo3T+pm2UMr93/TKnG3YMGu6RhRdupcWjD8Gtk+zoyfGTzlgOteDPzjG+d6Wv69BnJkeHbZaWwFGqIwDLi7e3LTlgMnVAmbzb9qJDDitIOX61sdfvgZNq93D6F+IkDdCBcYH4eV8qypoED5EQHWjsf774YCtXIly8vwSKoUs0oOxUTL/uPFDiXMr66h0xh7Iqi5CkhxjHxzK66NQ== laykomdn\n"
            },
            "name": "node06",
            "network_acceleration_type": "standard",
            "network_interface": [
              {
                "dns_record": [],
                "index": 0,
                "ip_address": "192.168.101.16",
                "ipv4": true,
                "ipv6": false,
                "ipv6_address": "",
                "ipv6_dns_record": [],
                "mac_address": "d0:0d:17:b7:79:ad",
                "nat": true,
                "nat_dns_record": [],
                "nat_ip_address": "51.250.94.19",
                "nat_ip_version": "IPV4",
                "security_group_ids": [],
                "subnet_id": "e9b27miu7qqie2fuoau3"
              }
            ],
            "placement_policy": [
              {
                "host_affinity_rules": [],
                "placement_group_id": ""
              }
            ],
            "platform_id": "standard-v1",
            "resources": [
              {
                "core_fraction": 100,
                "cores": 4,
                "gpus": 0,
                "memory": 8
              }
            ],
            "scheduling_policy": [
              {
                "preemptible": false
              }
            ],
            "secondary_disk": [],
            "service_account_id": "",
            "status": "running",
            "timeouts": null,
            "zone": "ru-central1-a"
          },
          "sensitive_attributes": [],
          "private": "eyJlMmJmYjczMC1lY2FhLTExZTYtOGY4OC0zNDM2M2JjN2M0YzAiOnsiY3JlYXRlIjozMDAwMDAwMDAwMDAsImRlbGV0ZSI6MzAwMDAwMDAwMDAwLCJ1cGRhdGUiOjMwMDAwMDAwMDAwMH0sInNjaGVtYV92ZXJzaW9uIjoiMSJ9",
          "dependencies": [
            "yandex_vpc_network.default",
            "yandex_vpc_subnet.default"
          ]
        }
      ]
    },
    {
      "mode": "managed",
      "type": "yandex_vpc_network",
      "name": "default",
      "provider": "provider[\"registry.terraform.io/yandex-cloud/yandex\"]",
      "instances": [
        {
          "schema_version": 0,
          "attributes": {
            "created_at": "2022-07-05T15:44:35Z",
            "default_security_group_id": "",
            "description": "",
            "folder_id": "b1g79ptugpleeoj44c6k",
            "id": "enp7qdj8dkdcb2qt4to7",
            "labels": {},
            "name": "net",
            "subnet_ids": [],
            "timeouts": null
          },
          "sensitive_attributes": [],
          "private": "eyJlMmJmYjczMC1lY2FhLTExZTYtOGY4OC0zNDM2M2JjN2M0YzAiOnsiY3JlYXRlIjo2MDAwMDAwMDAwMCwiZGVsZXRlIjo2MDAwMDAwMDAwMCwidXBkYXRlIjo2MDAwMDAwMDAwMH19"
        }
      ]
    },
    {
      "mode": "managed",
      "type": "yandex_vpc_subnet",
      "name": "default",
      "provider": "provider[\"registry.terraform.io/yandex-cloud/yandex\"]",
      "instances": [
        {
          "schema_version": 0,
          "attributes": {
            "created_at": "2022-07-05T15:44:36Z",
            "description": "",
            "dhcp_options": [],
            "folder_id": "b1g79ptugpleeoj44c6k",
            "id": "e9b27miu7qqie2fuoau3",
            "labels": {},
            "name": "subnet",
            "network_id": "enp7qdj8dkdcb2qt4to7",
            "route_table_id": "",
            "timeouts": null,
            "v4_cidr_blocks": [
              "192.168.101.0/24"
            ],
            "v6_cidr_blocks": [],
            "zone": "ru-central1-a"
          },
          "sensitive_attributes": [],
          "private": "eyJlMmJmYjczMC1lY2FhLTExZTYtOGY4OC0zNDM2M2JjN2M0YzAiOnsiY3JlYXRlIjoxODAwMDAwMDAwMDAsImRlbGV0ZSI6MTgwMDAwMDAwMDAwLCJ1cGRhdGUiOjE4MDAwMDAwMDAwMH19",
          "dependencies": [
            "yandex_vpc_network.default"
          ]
        }
      ]
    }
  ]
}
